{
  "name": "react-native-app-intro",
  "version": "1.1.5",
  "lockfileVersion": 1,
  "requires": true,
  "dependencies": {
    "react-native-swiper": {
      "version": "git+https://github.com/HerbertLim/react-native-swiper.git#cdc7fbe600871c680deb5721d84371e2dbceba4f",
      "from": "git+https://github.com/HerbertLim/react-native-swiper.git",
      "requires": {
        "react-timer-mixin": "^0.13.3"
      }
    },
    "react-timer-mixin": {
      "version": "0.13.4",
      "resolved": "https://registry.npmjs.org/react-timer-mixin/-/react-timer-mixin-0.13.4.tgz",
      "integrity": "sha512-4+ow23tp/Tv7hBM5Az5/Be/eKKF7DIvJ09voz5LyHGQaqqz9WV8YMs31eFvcYQs7d451LSg7kDJV70XYN/Ug/Q=="
    }
  }
}
